PODS:
  - ZYCategoryKit (0.1.2)
  - ZYImageModule (0.1.2)

DEPENDENCIES:
  - ZYCategoryKit (from `../`)
  - ZYImageModule

SPEC REPOS:
  https://github.com/zhengya123/ZYModule.git:
    - ZYImageModule

EXTERNAL SOURCES:
  ZYCategoryKit:
    :path: "../"

SPEC CHECKSUMS:
  ZYCategoryKit: 6fb4bc77f7e91bc883f6a747a3305cec9ebf70c3
  ZYImageModule: 1b6ecc6b417a661d9cfc49b57d3253e080dbc209

PODFILE CHECKSUM: 793acdcec2e2d66c85fff6f96818bb167403bc6b

COCOAPODS: 1.7.2
